
Microsoft Visual Studio Solution File, Format Version 12.00
Project("{FAE04EC0-301F-11D3-BF4B-00C04F79EFBC}") = "MovieBioApp", "MovieBioApp.csproj", "{6381C1DC-6CE0-461E-AEE2-83338B1C2749}"
EndProject
Global
	GlobalSection(SolutionConfigurationPlatforms) = preSolution
		Debug|Any CPU = Debug|Any CPU
		Release|Any CPU = Release|Any CPU
	EndGlobalSection
	GlobalSection(ProjectConfigurationPlatforms) = postSolution
		{6381C1DC-6CE0-461E-AEE2-83338B1C2749}.Debug|Any CPU.ActiveCfg = Debug|Any CPU
		{6381C1DC-6CE0-461E-AEE2-83338B1C2749}.Debug|Any CPU.Build.0 = Debug|Any CPU
		{6381C1DC-6CE0-461E-AEE2-83338B1C2749}.Release|Any CPU.ActiveCfg = Release|Any CPU
		{6381C1DC-6CE0-461E-AEE2-83338B1C2749}.Release|Any CPU.Build.0 = Release|Any CPU
	EndGlobalSection
EndGlobal
