
Microsoft Visual Studio Solution File, Format Version 12.00
Project("{FAE04EC0-301F-11D3-BF4B-00C04F79EFBC}") = "MovieBioApp", "MovieBioApp.csproj", "{C81B3A7E-07A1-478A-9D1E-971673715694}"
EndProject
Global
	GlobalSection(SolutionConfigurationPlatforms) = preSolution
		Debug|Any CPU = Debug|Any CPU
		Release|Any CPU = Release|Any CPU
	EndGlobalSection
	GlobalSection(ProjectConfigurationPlatforms) = postSolution
		{C81B3A7E-07A1-478A-9D1E-971673715694}.Debug|Any CPU.ActiveCfg = Debug|Any CPU
		{C81B3A7E-07A1-478A-9D1E-971673715694}.Debug|Any CPU.Build.0 = Debug|Any CPU
		{C81B3A7E-07A1-478A-9D1E-971673715694}.Release|Any CPU.ActiveCfg = Release|Any CPU
		{C81B3A7E-07A1-478A-9D1E-971673715694}.Release|Any CPU.Build.0 = Release|Any CPU
	EndGlobalSection
EndGlobal
